
Microsoft Visual Studio Solution File, Format Version 12.00
# Visual Studio Version 16
VisualStudioVersion = 16.0.32126.315
MinimumVisualStudioVersion = 10.0.40219.1
Project("{FAE04EC0-301F-11D3-BF4B-00C04F79EFBC}") = "CrudTributoJusto", "CrudTributoJusto\CrudTributoJusto.csproj", "{5B7CA3BB-DD5F-451E-B8EC-03908DD1FBEE}"
EndProject
Global
	GlobalSection(SolutionConfigurationPlatforms) = preSolution
		Debug|Any CPU = Debug|Any CPU
		Release|Any CPU = Release|Any CPU
	EndGlobalSection
	GlobalSection(ProjectConfigurationPlatforms) = postSolution
		{5B7CA3BB-DD5F-451E-B8EC-03908DD1FBEE}.Debug|Any CPU.ActiveCfg = Debug|Any CPU
		{5B7CA3BB-DD5F-451E-B8EC-03908DD1FBEE}.Debug|Any CPU.Build.0 = Debug|Any CPU
		{5B7CA3BB-DD5F-451E-B8EC-03908DD1FBEE}.Release|Any CPU.ActiveCfg = Release|Any CPU
		{5B7CA3BB-DD5F-451E-B8EC-03908DD1FBEE}.Release|Any CPU.Build.0 = Release|Any CPU
	EndGlobalSection
	GlobalSection(SolutionProperties) = preSolution
		HideSolutionNode = FALSE
	EndGlobalSection
	GlobalSection(ExtensibilityGlobals) = postSolution
		SolutionGuid = {47F3D7A9-89D4-4997-B594-DD79C0572662}
	EndGlobalSection
EndGlobal
